
Microsoft Visual Studio Solution File, Format Version 12.00
# Visual Studio Version 16
VisualStudioVersion = 16.0.31402.337
MinimumVisualStudioVersion = 10.0.40219.1
Project("{FAE04EC0-301F-11D3-BF4B-00C04F79EFBC}") = "PalindromeDescendant", "PalindromeDescendant\PalindromeDescendant.csproj", "{FE66B179-850F-4EBD-8073-BAA92D9E3F06}"
EndProject
Global
	GlobalSection(SolutionConfigurationPlatforms) = preSolution
		Debug|Any CPU = Debug|Any CPU
		Release|Any CPU = Release|Any CPU
	EndGlobalSection
	GlobalSection(ProjectConfigurationPlatforms) = postSolution
		{FE66B179-850F-4EBD-8073-BAA92D9E3F06}.Debug|Any CPU.ActiveCfg = Debug|Any CPU
		{FE66B179-850F-4EBD-8073-BAA92D9E3F06}.Debug|Any CPU.Build.0 = Debug|Any CPU
		{FE66B179-850F-4EBD-8073-BAA92D9E3F06}.Release|Any CPU.ActiveCfg = Release|Any CPU
		{FE66B179-850F-4EBD-8073-BAA92D9E3F06}.Release|Any CPU.Build.0 = Release|Any CPU
	EndGlobalSection
	GlobalSection(SolutionProperties) = preSolution
		HideSolutionNode = FALSE
	EndGlobalSection
	GlobalSection(ExtensibilityGlobals) = postSolution
		SolutionGuid = {7C936CA8-DDCB-48AD-8A6B-B70FCD447841}
	EndGlobalSection
EndGlobal
